
Microsoft Visual Studio Solution File, Format Version 12.00
# Visual Studio Version 16
VisualStudioVersion = 16.0.809.2
MinimumVisualStudioVersion = 10.0.40219.1
Project("{FAE04EC0-301F-11D3-BF4B-00C04F79EFBC}") = "Teshca.DotNet.AspNetCore", "Teshca.DotNet.AspNetCore\Teshca.DotNet.AspNetCore.csproj", "{3941162A-2C6E-447A-AF04-C2A3D24A2244}"
EndProject
Global
	GlobalSection(SolutionConfigurationPlatforms) = preSolution
		Debug|Any CPU = Debug|Any CPU
		Release|Any CPU = Release|Any CPU
	EndGlobalSection
	GlobalSection(ProjectConfigurationPlatforms) = postSolution
		{3941162A-2C6E-447A-AF04-C2A3D24A2244}.Debug|Any CPU.ActiveCfg = Debug|Any CPU
		{3941162A-2C6E-447A-AF04-C2A3D24A2244}.Debug|Any CPU.Build.0 = Debug|Any CPU
		{3941162A-2C6E-447A-AF04-C2A3D24A2244}.Release|Any CPU.ActiveCfg = Release|Any CPU
		{3941162A-2C6E-447A-AF04-C2A3D24A2244}.Release|Any CPU.Build.0 = Release|Any CPU
	EndGlobalSection
	GlobalSection(SolutionProperties) = preSolution
		HideSolutionNode = FALSE
	EndGlobalSection
	GlobalSection(ExtensibilityGlobals) = postSolution
		SolutionGuid = {418BDB10-FAEA-4079-B676-9D7336F553D9}
	EndGlobalSection
EndGlobal
